
Microsoft Visual Studio Solution File, Format Version 12.00
# Visual Studio Version 17
VisualStudioVersion = 17.4.33110.190
MinimumVisualStudioVersion = 10.0.40219.1
Project("{FAE04EC0-301F-11D3-BF4B-00C04F79EFBC}") = "SoftTek-Reto", "SoftTek-Reto\SoftTek-Reto.csproj", "{D0796954-9AF2-4CB9-A2E8-19954E27C9EA}"
EndProject
Global
	GlobalSection(SolutionConfigurationPlatforms) = preSolution
		Debug|Any CPU = Debug|Any CPU
		Release|Any CPU = Release|Any CPU
	EndGlobalSection
	GlobalSection(ProjectConfigurationPlatforms) = postSolution
		{D0796954-9AF2-4CB9-A2E8-19954E27C9EA}.Debug|Any CPU.ActiveCfg = Debug|Any CPU
		{D0796954-9AF2-4CB9-A2E8-19954E27C9EA}.Debug|Any CPU.Build.0 = Debug|Any CPU
		{D0796954-9AF2-4CB9-A2E8-19954E27C9EA}.Release|Any CPU.ActiveCfg = Release|Any CPU
		{D0796954-9AF2-4CB9-A2E8-19954E27C9EA}.Release|Any CPU.Build.0 = Release|Any CPU
	EndGlobalSection
	GlobalSection(SolutionProperties) = preSolution
		HideSolutionNode = FALSE
	EndGlobalSection
	GlobalSection(ExtensibilityGlobals) = postSolution
		SolutionGuid = {C60A97B3-B541-4633-A231-6D7210C092FD}
	EndGlobalSection
EndGlobal
